// !$*UTF8*$!
{
	archiveVersion = 1;
	classes = {
	};
	objectVersion = 56;
	objects = {

/* Begin PBXBuildFile section */
		CE8628B82A3A2821005FEC95 /* Binding+Extension.swift in Sources */ = {isa = PBXBuildFile; fileRef = CE8628B72A3A2821005FEC95 /* Binding+Extension.swift */; };
		CE8628BA2A3A31C5005FEC95 /* EditTask.swift in Sources */ = {isa = PBXBuildFile; fileRef = CE8628B92A3A31C5005FEC95 /* EditTask.swift */; };
		CE8628BC2A3A6D45005FEC95 /* TaskToday.swift in Sources */ = {isa = PBXBuildFile; fileRef = CE8628BB2A3A6D45005FEC95 /* TaskToday.swift */; };
		CE8628BE2A3A6E3C005FEC95 /* Date+Extension.swift in Sources */ = {isa = PBXBuildFile; fileRef = CE8628BD2A3A6E3C005FEC95 /* Date+Extension.swift */; };
		CE8628C02A3A7119005FEC95 /* RoundedCorners.swift in Sources */ = {isa = PBXBuildFile; fileRef = CE8628BF2A3A7119005FEC95 /* RoundedCorners.swift */; };
		CE8628C22A3A7D01005FEC95 /* KeyboardObserver.swift in Sources */ = {isa = PBXBuildFile; fileRef = CE8628C12A3A7D01005FEC95 /* KeyboardObserver.swift */; };
		CE8628C42A3A7DCA005FEC95 /* UIApplication+Extension.swift in Sources */ = {isa = PBXBuildFile; fileRef = CE8628C32A3A7DCA005FEC95 /* UIApplication+Extension.swift */; };
		CED7A18B2A38370000797B20 /* MyTodo3App.swift in Sources */ = {isa = PBXBuildFile; fileRef = CED7A18A2A38370000797B20 /* MyTodo3App.swift */; };
		CED7A18D2A38370000797B20 /* ContentView.swift in Sources */ = {isa = PBXBuildFile; fileRef = CED7A18C2A38370000797B20 /* ContentView.swift */; };
		CED7A18F2A38370100797B20 /* Assets.xcassets in Resources */ = {isa = PBXBuildFile; fileRef = CED7A18E2A38370100797B20 /* Assets.xcassets */; };
		CED7A1922A38370100797B20 /* Preview Assets.xcassets in Resources */ = {isa = PBXBuildFile; fileRef = CED7A1912A38370100797B20 /* Preview Assets.xcassets */; };
		CED7A1942A38370100797B20 /* Persistence.swift in Sources */ = {isa = PBXBuildFile; fileRef = CED7A1932A38370100797B20 /* Persistence.swift */; };
		CED7A1972A38370100797B20 /* MyTodo3.xcdatamodeld in Sources */ = {isa = PBXBuildFile; fileRef = CED7A1952A38370100797B20 /* MyTodo3.xcdatamodeld */; };
		CED7A19E2A383E8D00797B20 /* CategoryImage.swift in Sources */ = {isa = PBXBuildFile; fileRef = CED7A19D2A383E8D00797B20 /* CategoryImage.swift */; };
		CED7A1A02A38453A00797B20 /* CheckBox.swift in Sources */ = {isa = PBXBuildFile; fileRef = CED7A19F2A38453A00797B20 /* CheckBox.swift */; };
		CED7A1A32A385B5C00797B20 /* Color+Extension.swift in Sources */ = {isa = PBXBuildFile; fileRef = CED7A1A22A385B5C00797B20 /* Color+Extension.swift */; };
		CED7A1A52A385D4F00797B20 /* UserView.swift in Sources */ = {isa = PBXBuildFile; fileRef = CED7A1A42A385D4F00797B20 /* UserView.swift */; };
		CED7A1A72A38692500797B20 /* TodoData+Extension.swift in Sources */ = {isa = PBXBuildFile; fileRef = CED7A1A62A38692500797B20 /* TodoData+Extension.swift */; };
		CED7A1A92A386B7A00797B20 /* CategoryView.swift in Sources */ = {isa = PBXBuildFile; fileRef = CED7A1A82A386B7A00797B20 /* CategoryView.swift */; };
		CED7A1AB2A3894D500797B20 /* QuickNewTask.swift in Sources */ = {isa = PBXBuildFile; fileRef = CED7A1AA2A3894D500797B20 /* QuickNewTask.swift */; };
		CED7A1AD2A38A23A00797B20 /* TodoList.swift in Sources */ = {isa = PBXBuildFile; fileRef = CED7A1AC2A38A23A00797B20 /* TodoList.swift */; };
		CED7A1F42A39F67F00797B20 /* TodoDetailRow.swift in Sources */ = {isa = PBXBuildFile; fileRef = CED7A1F32A39F67F00797B20 /* TodoDetailRow.swift */; };
		CED7A1F62A3A135300797B20 /* NewTask.swift in Sources */ = {isa = PBXBuildFile; fileRef = CED7A1F52A3A135300797B20 /* NewTask.swift */; };
/* End PBXBuildFile section */

/* Begin PBXFileReference section */
		CE8628B72A3A2821005FEC95 /* Binding+Extension.swift */ = {isa = PBXFileReference; lastKnownFileType = sourcecode.swift; path = "Binding+Extension.swift"; sourceTree = "<group>"; };
		CE8628B92A3A31C5005FEC95 /* EditTask.swift */ = {isa = PBXFileReference; lastKnownFileType = sourcecode.swift; path = EditTask.swift; sourceTree = "<group>"; };
		CE8628BB2A3A6D45005FEC95 /* TaskToday.swift */ = {isa = PBXFileReference; lastKnownFileType = sourcecode.swift; path = TaskToday.swift; sourceTree = "<group>"; };
		CE8628BD2A3A6E3C005FEC95 /* Date+Extension.swift */ = {isa = PBXFileReference; lastKnownFileType = sourcecode.swift; path = "Date+Extension.swift"; sourceTree = "<group>"; };
		CE8628BF2A3A7119005FEC95 /* RoundedCorners.swift */ = {isa = PBXFileReference; lastKnownFileType = sourcecode.swift; path = RoundedCorners.swift; sourceTree = "<group>"; };
		CE8628C12A3A7D01005FEC95 /* KeyboardObserver.swift */ = {isa = PBXFileReference; lastKnownFileType = sourcecode.swift; path = KeyboardObserver.swift; sourceTree = "<group>"; };
		CE8628C32A3A7DCA005FEC95 /* UIApplication+Extension.swift */ = {isa = PBXFileReference; lastKnownFileType = sourcecode.swift; path = "UIApplication+Extension.swift"; sourceTree = "<group>"; };
		CE8628C52A3A9939005FEC95 /* README.md */ = {isa = PBXFileReference; lastKnownFileType = net.daringfireball.markdown; path = README.md; sourceTree = "<group>"; };
		CED7A1872A38370000797B20 /* MyTodo3.app */ = {isa = PBXFileReference; explicitFileType = wrapper.application; includeInIndex = 0; path = MyTodo3.app; sourceTree = BUILT_PRODUCTS_DIR; };
		CED7A18A2A38370000797B20 /* MyTodo3App.swift */ = {isa = PBXFileReference; lastKnownFileType = sourcecode.swift; path = MyTodo3App.swift; sourceTree = "<group>"; };
		CED7A18C2A38370000797B20 /* ContentView.swift */ = {isa = PBXFileReference; lastKnownFileType = sourcecode.swift; path = ContentView.swift; sourceTree = "<group>"; };
		CED7A18E2A38370100797B20 /* Assets.xcassets */ = {isa = PBXFileReference; lastKnownFileType = folder.assetcatalog; path = Assets.xcassets; sourceTree = "<group>"; };
		CED7A1912A38370100797B20 /* Preview Assets.xcassets */ = {isa = PBXFileReference; lastKnownFileType = folder.assetcatalog; path = "Preview Assets.xcassets"; sourceTree = "<group>"; };
		CED7A1932A38370100797B20 /* Persistence.swift */ = {isa = PBXFileReference; lastKnownFileType = sourcecode.swift; path = Persistence.swift; sourceTree = "<group>"; };
		CED7A1962A38370100797B20 /* MyTodo3.xcdatamodel */ = {isa = PBXFileReference; lastKnownFileType = wrapper.xcdatamodel; path = MyTodo3.xcdatamodel; sourceTree = "<group>"; };
		CED7A19D2A383E8D00797B20 /* CategoryImage.swift */ = {isa = PBXFileReference; lastKnownFileType = sourcecode.swift; path = CategoryImage.swift; sourceTree = "<group>"; };
		CED7A19F2A38453A00797B20 /* CheckBox.swift */ = {isa = PBXFileReference; lastKnownFileType = sourcecode.swift; path = CheckBox.swift; sourceTree = "<group>"; };
		CED7A1A22A385B5C00797B20 /* Color+Extension.swift */ = {isa = PBXFileReference; lastKnownFileType = sourcecode.swift; path = "Color+Extension.swift"; sourceTree = "<group>"; };
		CED7A1A42A385D4F00797B20 /* UserView.swift */ = {isa = PBXFileReference; lastKnownFileType = sourcecode.swift; path = UserView.swift; sourceTree = "<group>"; };
		CED7A1A62A38692500797B20 /* TodoData+Extension.swift */ = {isa = PBXFileReference; lastKnownFileType = sourcecode.swift; path = "TodoData+Extension.swift"; sourceTree = "<group>"; };
		CED7A1A82A386B7A00797B20 /* CategoryView.swift */ = {isa = PBXFileReference; lastKnownFileType = sourcecode.swift; path = CategoryView.swift; sourceTree = "<group>"; };
		CED7A1AA2A3894D500797B20 /* QuickNewTask.swift */ = {isa = PBXFileReference; lastKnownFileType = sourcecode.swift; path = QuickNewTask.swift; sourceTree = "<group>"; };
		CED7A1AC2A38A23A00797B20 /* TodoList.swift */ = {isa = PBXFileReference; lastKnownFileType = sourcecode.swift; path = TodoList.swift; sourceTree = "<group>"; };
		CED7A1F32A39F67F00797B20 /* TodoDetailRow.swift */ = {isa = PBXFileReference; lastKnownFileType = sourcecode.swift; path = TodoDetailRow.swift; sourceTree = "<group>"; };
		CED7A1F52A3A135300797B20 /* NewTask.swift */ = {isa = PBXFileReference; lastKnownFileType = sourcecode.swift; path = NewTask.swift; sourceTree = "<group>"; };
/* End PBXFileReference section */

/* Begin PBXFrameworksBuildPhase section */
		CED7A1842A38370000797B20 /* Frameworks */ = {
			isa = PBXFrameworksBuildPhase;
			buildActionMask = 2147483647;
			files = (
			);
			runOnlyForDeploymentPostprocessing = 0;
		};
/* End PBXFrameworksBuildPhase section */

/* Begin PBXGroup section */
		CED7A17E2A38370000797B20 = {
			isa = PBXGroup;
			children = (
				CED7A1892A38370000797B20 /* MyTodo3 */,
				CED7A1882A38370000797B20 /* Products */,
			);
			sourceTree = "<group>";
		};
		CED7A1882A38370000797B20 /* Products */ = {
			isa = PBXGroup;
			children = (
				CED7A1872A38370000797B20 /* MyTodo3.app */,
			);
			name = Products;
			sourceTree = "<group>";
		};
		CED7A1892A38370000797B20 /* MyTodo3 */ = {
			isa = PBXGroup;
			children = (
				CED7A1A12A385B1000797B20 /* Extension */,
				CED7A18A2A38370000797B20 /* MyTodo3App.swift */,
				CED7A18C2A38370000797B20 /* ContentView.swift */,
				CE8628B92A3A31C5005FEC95 /* EditTask.swift */,
				CED7A19D2A383E8D00797B20 /* CategoryImage.swift */,
				CED7A1A42A385D4F00797B20 /* UserView.swift */,
				CED7A1AA2A3894D500797B20 /* QuickNewTask.swift */,
				CED7A19F2A38453A00797B20 /* CheckBox.swift */,
				CE8628C12A3A7D01005FEC95 /* KeyboardObserver.swift */,
				CE8628BF2A3A7119005FEC95 /* RoundedCorners.swift */,
				CED7A1F32A39F67F00797B20 /* TodoDetailRow.swift */,
				CED7A1AC2A38A23A00797B20 /* TodoList.swift */,
				CE8628BB2A3A6D45005FEC95 /* TaskToday.swift */,
				CED7A1F52A3A135300797B20 /* NewTask.swift */,
				CED7A1A82A386B7A00797B20 /* CategoryView.swift */,
				CED7A18E2A38370100797B20 /* Assets.xcassets */,
				CED7A1932A38370100797B20 /* Persistence.swift */,
				CED7A1952A38370100797B20 /* MyTodo3.xcdatamodeld */,
				CED7A1902A38370100797B20 /* Preview Content */,
				CE8628C52A3A9939005FEC95 /* README.md */,
			);
			path = MyTodo3;
			sourceTree = "<group>";
		};
		CED7A1902A38370100797B20 /* Preview Content */ = {
			isa = PBXGroup;
			children = (
				CED7A1912A38370100797B20 /* Preview Assets.xcassets */,
			);
			path = "Preview Content";
			sourceTree = "<group>";
		};
		CED7A1A12A385B1000797B20 /* Extension */ = {
			isa = PBXGroup;
			children = (
				CED7A1A22A385B5C00797B20 /* Color+Extension.swift */,
				CED7A1A62A38692500797B20 /* TodoData+Extension.swift */,
				CE8628BD2A3A6E3C005FEC95 /* Date+Extension.swift */,
				CE8628C32A3A7DCA005FEC95 /* UIApplication+Extension.swift */,
				CE8628B72A3A2821005FEC95 /* Binding+Extension.swift */,
			);
			path = Extension;
			sourceTree = "<group>";
		};
/* End PBXGroup section */

/* Begin PBXNativeTarget section */
		CED7A1862A38370000797B20 /* MyTodo3 */ = {
			isa = PBXNativeTarget;
			buildConfigurationList = CED7A19A2A38370100797B20 /* Build configuration list for PBXNativeTarget "MyTodo3" */;
			buildPhases = (
				CED7A1832A38370000797B20 /* Sources */,
				CED7A1842A38370000797B20 /* Frameworks */,
				CED7A1852A38370000797B20 /* Resources */,
			);
			buildRules = (
			);
			dependencies = (
			);
			name = MyTodo3;
			productName = MyTodo3;
			productReference = CED7A1872A38370000797B20 /* MyTodo3.app */;
			productType = "com.apple.product-type.application";
		};
/* End PBXNativeTarget section */

/* Begin PBXProject section */
		CED7A17F2A38370000797B20 /* Project object */ = {
			isa = PBXProject;
			attributes = {
				BuildIndependentTargetsInParallel = 1;
				LastSwiftUpdateCheck = 1430;
				LastUpgradeCheck = 1430;
				TargetAttributes = {
					CED7A1862A38370000797B20 = {
						CreatedOnToolsVersion = 14.3;
					};
				};
			};
			buildConfigurationList = CED7A1822A38370000797B20 /* Build configuration list for PBXProject "MyTodo3" */;
			compatibilityVersion = "Xcode 14.0";
			developmentRegion = en;
			hasScannedForEncodings = 0;
			knownRegions = (
				en,
				Base,
			);
			mainGroup = CED7A17E2A38370000797B20;
			productRefGroup = CED7A1882A38370000797B20 /* Products */;
			projectDirPath = "";
			projectRoot = "";
			targets = (
				CED7A1862A38370000797B20 /* MyTodo3 */,
			);
		};
/* End PBXProject section */

/* Begin PBXResourcesBuildPhase section */
		CED7A1852A38370000797B20 /* Resources */ = {
			isa = PBXResourcesBuildPhase;
			buildActionMask = 2147483647;
			files = (
				CED7A1922A38370100797B20 /* Preview Assets.xcassets in Resources */,
				CED7A18F2A38370100797B20 /* Assets.xcassets in Resources */,
			);
			runOnlyForDeploymentPostprocessing = 0;
		};
/* End PBXResourcesBuildPhase section */

/* Begin PBXSourcesBuildPhase section */
		CED7A1832A38370000797B20 /* Sources */ = {
			isa = PBXSourcesBuildPhase;
			buildActionMask = 2147483647;
			files = (
				CE8628C02A3A7119005FEC95 /* RoundedCorners.swift in Sources */,
				CED7A1942A38370100797B20 /* Persistence.swift in Sources */,
				CED7A1AB2A3894D500797B20 /* QuickNewTask.swift in Sources */,
				CED7A1A72A38692500797B20 /* TodoData+Extension.swift in Sources */,
				CED7A1F42A39F67F00797B20 /* TodoDetailRow.swift in Sources */,
				CED7A1AD2A38A23A00797B20 /* TodoList.swift in Sources */,
				CE8628B82A3A2821005FEC95 /* Binding+Extension.swift in Sources */,
				CED7A1A32A385B5C00797B20 /* Color+Extension.swift in Sources */,
				CE8628C42A3A7DCA005FEC95 /* UIApplication+Extension.swift in Sources */,
				CED7A18D2A38370000797B20 /* ContentView.swift in Sources */,
				CED7A1A92A386B7A00797B20 /* CategoryView.swift in Sources */,
				CED7A1A52A385D4F00797B20 /* UserView.swift in Sources */,
				CE8628BC2A3A6D45005FEC95 /* TaskToday.swift in Sources */,
				CED7A1A02A38453A00797B20 /* CheckBox.swift in Sources */,
				CED7A18B2A38370000797B20 /* MyTodo3App.swift in Sources */,
				CE8628BA2A3A31C5005FEC95 /* EditTask.swift in Sources */,
				CE8628C22A3A7D01005FEC95 /* KeyboardObserver.swift in Sources */,
				CED7A1F62A3A135300797B20 /* NewTask.swift in Sources */,
				CED7A19E2A383E8D00797B20 /* CategoryImage.swift in Sources */,
				CE8628BE2A3A6E3C005FEC95 /* Date+Extension.swift in Sources */,
				CED7A1972A38370100797B20 /* MyTodo3.xcdatamodeld in Sources */,
			);
			runOnlyForDeploymentPostprocessing = 0;
		};
/* End PBXSourcesBuildPhase section */

/* Begin XCBuildConfiguration section */
		CED7A1982A38370100797B20 /* Debug */ = {
			isa = XCBuildConfiguration;
			buildSettings = {
				ALWAYS_SEARCH_USER_PATHS = NO;
				CLANG_ANALYZER_NONNULL = YES;
				CLANG_ANALYZER_NUMBER_OBJECT_CONVERSION = YES_AGGRESSIVE;
				CLANG_CXX_LANGUAGE_STANDARD = "gnu++20";
				CLANG_ENABLE_MODULES = YES;
				CLANG_ENABLE_OBJC_ARC = YES;
				CLANG_ENABLE_OBJC_WEAK = YES;
				CLANG_WARN_BLOCK_CAPTURE_AUTORELEASING = YES;
				CLANG_WARN_BOOL_CONVERSION = YES;
				CLANG_WARN_COMMA = YES;
				CLANG_WARN_CONSTANT_CONVERSION = YES;
				CLANG_WARN_DEPRECATED_OBJC_IMPLEMENTATIONS = YES;
				CLANG_WARN_DIRECT_OBJC_ISA_USAGE = YES_ERROR;
				CLANG_WARN_DOCUMENTATION_COMMENTS = YES;
				CLANG_WARN_EMPTY_BODY = YES;
				CLANG_WARN_ENUM_CONVERSION = YES;
				CLANG_WARN_INFINITE_RECURSION = YES;
				CLANG_WARN_INT_CONVERSION = YES;
				CLANG_WARN_NON_LITERAL_NULL_CONVERSION = YES;
				CLANG_WARN_OBJC_IMPLICIT_RETAIN_SELF = YES;
				CLANG_WARN_OBJC_LITERAL_CONVERSION = YES;
				CLANG_WARN_OBJC_ROOT_CLASS = YES_ERROR;
				CLANG_WARN_QUOTED_INCLUDE_IN_FRAMEWORK_HEADER = YES;
				CLANG_WARN_RANGE_LOOP_ANALYSIS = YES;
				CLANG_WARN_STRICT_PROTOTYPES = YES;
				CLANG_WARN_SUSPICIOUS_MOVE = YES;
				CLANG_WARN_UNGUARDED_AVAILABILITY = YES_AGGRESSIVE;
				CLANG_WARN_UNREACHABLE_CODE = YES;
				CLANG_WARN__DUPLICATE_METHOD_MATCH = YES;
				COPY_PHASE_STRIP = NO;
				DEBUG_INFORMATION_FORMAT = dwarf;
				ENABLE_STRICT_OBJC_MSGSEND = YES;
				ENABLE_TESTABILITY = YES;
				GCC_C_LANGUAGE_STANDARD = gnu11;
				GCC_DYNAMIC_NO_PIC = NO;
				GCC_NO_COMMON_BLOCKS = YES;
				GCC_OPTIMIZATION_LEVEL = 0;
				GCC_PREPROCESSOR_DEFINITIONS = (
					"DEBUG=1",
					"$(inherited)",
				);
				GCC_WARN_64_TO_32_BIT_CONVERSION = YES;
				GCC_WARN_ABOUT_RETURN_TYPE = YES_ERROR;
				GCC_WARN_UNDECLARED_SELECTOR = YES;
				GCC_WARN_UNINITIALIZED_AUTOS = YES_AGGRESSIVE;
				GCC_WARN_UNUSED_FUNCTION = YES;
				GCC_WARN_UNUSED_VARIABLE = YES;
				IPHONEOS_DEPLOYMENT_TARGET = 16.4;
				MTL_ENABLE_DEBUG_INFO = INCLUDE_SOURCE;
				MTL_FAST_MATH = YES;
				ONLY_ACTIVE_ARCH = YES;
				SDKROOT = iphoneos;
				SWIFT_ACTIVE_COMPILATION_CONDITIONS = DEBUG;
				SWIFT_OPTIMIZATION_LEVEL = "-Onone";
			};
			name = Debug;
		};
		CED7A1992A38370100797B20 /* Release */ = {
			isa = XCBuildConfiguration;
			buildSettings = {
				ALWAYS_SEARCH_USER_PATHS = NO;
				CLANG_ANALYZER_NONNULL = YES;
				CLANG_ANALYZER_NUMBER_OBJECT_CONVERSION = YES_AGGRESSIVE;
				CLANG_CXX_LANGUAGE_STANDARD = "gnu++20";
				CLANG_ENABLE_MODULES = YES;
				CLANG_ENABLE_OBJC_ARC = YES;
				CLANG_ENABLE_OBJC_WEAK = YES;
				CLANG_WARN_BLOCK_CAPTURE_AUTORELEASING = YES;
				CLANG_WARN_BOOL_CONVERSION = YES;
				CLANG_WARN_COMMA = YES;
				CLANG_WARN_CONSTANT_CONVERSION = YES;
				CLANG_WARN_DEPRECATED_OBJC_IMPLEMENTATIONS = YES;
				CLANG_WARN_DIRECT_OBJC_ISA_USAGE = YES_ERROR;
				CLANG_WARN_DOCUMENTATION_COMMENTS = YES;
				CLANG_WARN_EMPTY_BODY = YES;
				CLANG_WARN_ENUM_CONVERSION = YES;
				CLANG_WARN_INFINITE_RECURSION = YES;
				CLANG_WARN_INT_CONVERSION = YES;
				CLANG_WARN_NON_LITERAL_NULL_CONVERSION = YES;
				CLANG_WARN_OBJC_IMPLICIT_RETAIN_SELF = YES;
				CLANG_WARN_OBJC_LITERAL_CONVERSION = YES;
				CLANG_WARN_OBJC_ROOT_CLASS = YES_ERROR;
				CLANG_WARN_QUOTED_INCLUDE_IN_FRAMEWORK_HEADER = YES;
				CLANG_WARN_RANGE_LOOP_ANALYSIS = YES;
				CLANG_WARN_STRICT_PROTOTYPES = YES;
				CLANG_WARN_SUSPICIOUS_MOVE = YES;
				CLANG_WARN_UNGUARDED_AVAILABILITY = YES_AGGRESSIVE;
				CLANG_WARN_UNREACHABLE_CODE = YES;
				CLANG_WARN__DUPLICATE_METHOD_MATCH = YES;
				COPY_PHASE_STRIP = NO;
				DEBUG_INFORMATION_FORMAT = "dwarf-with-dsym";
				ENABLE_NS_ASSERTIONS = NO;
				ENABLE_STRICT_OBJC_MSGSEND = YES;
				GCC_C_LANGUAGE_STANDARD = gnu11;
				GCC_NO_COMMON_BLOCKS = YES;
				GCC_WARN_64_TO_32_BIT_CONVERSION = YES;
				GCC_WARN_ABOUT_RETURN_TYPE = YES_ERROR;
				GCC_WARN_UNDECLARED_SELECTOR = YES;
				GCC_WARN_UNINITIALIZED_AUTOS = YES_AGGRESSIVE;
				GCC_WARN_UNUSED_FUNCTION = YES;
				GCC_WARN_UNUSED_VARIABLE = YES;
				IPHONEOS_DEPLOYMENT_TARGET = 16.4;
				MTL_ENABLE_DEBUG_INFO = NO;
				MTL_FAST_MATH = YES;
				SDKROOT = iphoneos;
				SWIFT_COMPILATION_MODE = wholemodule;
				SWIFT_OPTIMIZATION_LEVEL = "-O";
				VALIDATE_PRODUCT = YES;
			};
			name = Release;
		};
		CED7A19B2A38370100797B20 /* Debug */ = {
			isa = XCBuildConfiguration;
			buildSettings = {
				ASSETCATALOG_COMPILER_APPICON_NAME = AppIcon;
				ASSETCATALOG_COMPILER_GLOBAL_ACCENT_COLOR_NAME = AccentColor;
				CODE_SIGN_STYLE = Automatic;
				CURRENT_PROJECT_VERSION = 1;
				DEVELOPMENT_ASSET_PATHS = "\"MyTodo3/Preview Content\"";
				DEVELOPMENT_TEAM = 8XRF438683;
				ENABLE_PREVIEWS = YES;
				GENERATE_INFOPLIST_FILE = YES;
				INFOPLIST_KEY_UIApplicationSceneManifest_Generation = YES;
				INFOPLIST_KEY_UIApplicationSupportsIndirectInputEvents = YES;
				INFOPLIST_KEY_UILaunchScreen_Generation = YES;
				INFOPLIST_KEY_UISupportedInterfaceOrientations = UIInterfaceOrientationPortrait;
				LD_RUNPATH_SEARCH_PATHS = (
					"$(inherited)",
					"@executable_path/Frameworks",
				);
				MARKETING_VERSION = 1.0;
				PRODUCT_BUNDLE_IDENTIFIER = tomo16.MyTodo3;
				PRODUCT_NAME = "$(TARGET_NAME)";
				SWIFT_EMIT_LOC_STRINGS = YES;
				SWIFT_VERSION = 5.0;
				TARGETED_DEVICE_FAMILY = "1,2";
			};
			name = Debug;
		};
		CED7A19C2A38370100797B20 /* Release */ = {
			isa = XCBuildConfiguration;
			buildSettings = {
				ASSETCATALOG_COMPILER_APPICON_NAME = AppIcon;
				ASSETCATALOG_COMPILER_GLOBAL_ACCENT_COLOR_NAME = AccentColor;
				CODE_SIGN_STYLE = Automatic;
				CURRENT_PROJECT_VERSION = 1;
				DEVELOPMENT_ASSET_PATHS = "\"MyTodo3/Preview Content\"";
				DEVELOPMENT_TEAM = 8XRF438683;
				ENABLE_PREVIEWS = YES;
				GENERATE_INFOPLIST_FILE = YES;
				INFOPLIST_KEY_UIApplicationSceneManifest_Generation = YES;
				INFOPLIST_KEY_UIApplicationSupportsIndirectInputEvents = YES;
				INFOPLIST_KEY_UILaunchScreen_Generation = YES;
				INFOPLIST_KEY_UISupportedInterfaceOrientations = UIInterfaceOrientationPortrait;
				LD_RUNPATH_SEARCH_PATHS = (
					"$(inherited)",
					"@executable_path/Frameworks",
				);
				MARKETING_VERSION = 1.0;
				PRODUCT_BUNDLE_IDENTIFIER = tomo16.MyTodo3;
				PRODUCT_NAME = "$(TARGET_NAME)";
				SWIFT_EMIT_LOC_STRINGS = YES;
				SWIFT_VERSION = 5.0;
				TARGETED_DEVICE_FAMILY = "1,2";
			};
			name = Release;
		};
/* End XCBuildConfiguration section */

/* Begin XCConfigurationList section */
		CED7A1822A38370000797B20 /* Build configuration list for PBXProject "MyTodo3" */ = {
			isa = XCConfigurationList;
			buildConfigurations = (
				CED7A1982A38370100797B20 /* Debug */,
				CED7A1992A38370100797B20 /* Release */,
			);
			defaultConfigurationIsVisible = 0;
			defaultConfigurationName = Release;
		};
		CED7A19A2A38370100797B20 /* Build configuration list for PBXNativeTarget "MyTodo3" */ = {
			isa = XCConfigurationList;
			buildConfigurations = (
				CED7A19B2A38370100797B20 /* Debug */,
				CED7A19C2A38370100797B20 /* Release */,
			);
			defaultConfigurationIsVisible = 0;
			defaultConfigurationName = Release;
		};
/* End XCConfigurationList section */

/* Begin XCVersionGroup section */
		CED7A1952A38370100797B20 /* MyTodo3.xcdatamodeld */ = {
			isa = XCVersionGroup;
			children = (
				CED7A1962A38370100797B20 /* MyTodo3.xcdatamodel */,
			);
			currentVersion = CED7A1962A38370100797B20 /* MyTodo3.xcdatamodel */;
			path = MyTodo3.xcdatamodeld;
			sourceTree = "<group>";
			versionGroupType = wrapper.xcdatamodel;
		};
/* End XCVersionGroup section */
	};
	rootObject = CED7A17F2A38370000797B20 /* Project object */;
}
